
Microsoft Visual Studio Solution File, Format Version 12.00
# Visual Studio 15
VisualStudioVersion = 15.0.28307.168
MinimumVisualStudioVersion = 10.0.40219.1
Project("{FAE04EC0-301F-11D3-BF4B-00C04F79EFBC}") = "OpenTKEditor", "OpenTKEditor\OpenTKEditor.csproj", "{71C2974C-87BA-4599-824A-60672ECA846A}"
EndProject
Global
	GlobalSection(SolutionConfigurationPlatforms) = preSolution
		Debug|Any CPU = Debug|Any CPU
		Release|Any CPU = Release|Any CPU
	EndGlobalSection
	GlobalSection(ProjectConfigurationPlatforms) = postSolution
		{71C2974C-87BA-4599-824A-60672ECA846A}.Debug|Any CPU.ActiveCfg = Debug|Any CPU
		{71C2974C-87BA-4599-824A-60672ECA846A}.Debug|Any CPU.Build.0 = Debug|Any CPU
		{71C2974C-87BA-4599-824A-60672ECA846A}.Release|Any CPU.ActiveCfg = Release|Any CPU
		{71C2974C-87BA-4599-824A-60672ECA846A}.Release|Any CPU.Build.0 = Release|Any CPU
	EndGlobalSection
	GlobalSection(SolutionProperties) = preSolution
		HideSolutionNode = FALSE
	EndGlobalSection
	GlobalSection(ExtensibilityGlobals) = postSolution
		SolutionGuid = {EBEDE43A-1FD3-4AD0-B38E-92D2196E1ACD}
	EndGlobalSection
EndGlobal
